// !$*UTF8*$!
{
	archiveVersion = 1;
	classes = {
	};
	objectVersion = 48;
	objects = {

/* Begin PBXBuildFile section */
		011F547D1E83CC8300174326 /* LandingTableViewController.swift in Sources */ = {isa = PBXBuildFile; fileRef = 011F547C1E83CC8300174326 /* LandingTableViewController.swift */; };
		011F547F1E83D1C400174326 /* DailyTableViewController.swift in Sources */ = {isa = PBXBuildFile; fileRef = 011F547E1E83D1C400174326 /* DailyTableViewController.swift */; };
		011F54811E83DD7F00174326 /* NetworkManager.swift in Sources */ = {isa = PBXBuildFile; fileRef = 011F54801E83DD7F00174326 /* NetworkManager.swift */; };
		011F54851E83E37100174326 /* Models.swift in Sources */ = {isa = PBXBuildFile; fileRef = 011F54841E83E37100174326 /* Models.swift */; };
		013BB8AB1E7FE151006682D5 /* AppDelegate.swift in Sources */ = {isa = PBXBuildFile; fileRef = 013BB8AA1E7FE151006682D5 /* AppDelegate.swift */; };
		013BB8B01E7FE151006682D5 /* Main.storyboard in Resources */ = {isa = PBXBuildFile; fileRef = 013BB8AE1E7FE151006682D5 /* Main.storyboard */; };
		013BB8B51E7FE151006682D5 /* LaunchScreen.storyboard in Resources */ = {isa = PBXBuildFile; fileRef = 013BB8B31E7FE151006682D5 /* LaunchScreen.storyboard */; };
		013BB8C01E7FE151006682D5 /* NASAppTests.swift in Sources */ = {isa = PBXBuildFile; fileRef = 013BB8BF1E7FE151006682D5 /* NASAppTests.swift */; };
		013BB8CB1E7FE151006682D5 /* NASAppUITests.swift in Sources */ = {isa = PBXBuildFile; fileRef = 013BB8CA1E7FE151006682D5 /* NASAppUITests.swift */; };
		013BB8D91E803DF3006682D5 /* Assets.xcassets in Resources */ = {isa = PBXBuildFile; fileRef = 013BB8D81E803DF3006682D5 /* Assets.xcassets */; };
		013F9DCF1E8AAB040001BF69 /* RoversTableViewController.swift in Sources */ = {isa = PBXBuildFile; fileRef = 013F9DCE1E8AAB040001BF69 /* RoversTableViewController.swift */; };
		013F9DD11E8AADDA0001BF69 /* MarsPhotoCollectionViewController.swift in Sources */ = {isa = PBXBuildFile; fileRef = 013F9DD01E8AADDA0001BF69 /* MarsPhotoCollectionViewController.swift */; };
		013F9DD31E8AE3540001BF69 /* RoverItemCollectionViewCell.swift in Sources */ = {isa = PBXBuildFile; fileRef = 013F9DD21E8AE3540001BF69 /* RoverItemCollectionViewCell.swift */; };
		013F9DD51E8AEF6B0001BF69 /* ImageViewController.swift in Sources */ = {isa = PBXBuildFile; fileRef = 013F9DD41E8AEF6B0001BF69 /* ImageViewController.swift */; };
		0185F1AD1E89716B006EAA18 /* EarthSearcherTableViewController.swift in Sources */ = {isa = PBXBuildFile; fileRef = 0185F1AC1E89716B006EAA18 /* EarthSearcherTableViewController.swift */; };
		0185F1AF1E8972D4006EAA18 /* LocationManager.swift in Sources */ = {isa = PBXBuildFile; fileRef = 0185F1AE1E8972D4006EAA18 /* LocationManager.swift */; };
		323AFA121F7240DD00881EE7 /* ViewControllerHelper.swift in Sources */ = {isa = PBXBuildFile; fileRef = 323AFA111F7240DD00881EE7 /* ViewControllerHelper.swift */; };
		918CDA0641D0ED61BD83F8A3 /* Pods_NASAppUITests.framework in Frameworks */ = {isa = PBXBuildFile; fileRef = 5879A2899C1C299F71C2694A /* Pods_NASAppUITests.framework */; };
		E2DE7BC1088F5EC8B6E2534D /* Pods_NASApp.framework in Frameworks */ = {isa = PBXBuildFile; fileRef = 32F554454060E872E7499B0A /* Pods_NASApp.framework */; };
		F1166D1DBE7E165874D661FA /* Pods_NASAppTests.framework in Frameworks */ = {isa = PBXBuildFile; fileRef = 2A6700CB464AA5196EEA3BB9 /* Pods_NASAppTests.framework */; };
/* End PBXBuildFile section */

/* Begin PBXContainerItemProxy section */
		013BB8BC1E7FE151006682D5 /* PBXContainerItemProxy */ = {
			isa = PBXContainerItemProxy;
			containerPortal = 013BB89F1E7FE151006682D5 /* Project object */;
			proxyType = 1;
			remoteGlobalIDString = 013BB8A61E7FE151006682D5;
			remoteInfo = NASApp;
		};
		013BB8C71E7FE151006682D5 /* PBXContainerItemProxy */ = {
			isa = PBXContainerItemProxy;
			containerPortal = 013BB89F1E7FE151006682D5 /* Project object */;
			proxyType = 1;
			remoteGlobalIDString = 013BB8A61E7FE151006682D5;
			remoteInfo = NASApp;
		};
/* End PBXContainerItemProxy section */

/* Begin PBXCopyFilesBuildPhase section */
		3249E3F21F7380E40002DB27 /* Embed Frameworks */ = {
			isa = PBXCopyFilesBuildPhase;
			buildActionMask = 2147483647;
			dstPath = "";
			dstSubfolderSpec = 10;
			files = (
			);
			name = "Embed Frameworks";
			runOnlyForDeploymentPostprocessing = 0;
		};
/* End PBXCopyFilesBuildPhase section */

/* Begin PBXFileReference section */
		011F547C1E83CC8300174326 /* LandingTableViewController.swift */ = {isa = PBXFileReference; fileEncoding = 4; lastKnownFileType = sourcecode.swift; path = LandingTableViewController.swift; sourceTree = "<group>"; };
		011F547E1E83D1C400174326 /* DailyTableViewController.swift */ = {isa = PBXFileReference; fileEncoding = 4; lastKnownFileType = sourcecode.swift; path = DailyTableViewController.swift; sourceTree = "<group>"; };
		011F54801E83DD7F00174326 /* NetworkManager.swift */ = {isa = PBXFileReference; fileEncoding = 4; lastKnownFileType = sourcecode.swift; path = NetworkManager.swift; sourceTree = "<group>"; };
		011F54841E83E37100174326 /* Models.swift */ = {isa = PBXFileReference; fileEncoding = 4; lastKnownFileType = sourcecode.swift; path = Models.swift; sourceTree = "<group>"; };
		013BB8A71E7FE151006682D5 /* NASApp.app */ = {isa = PBXFileReference; explicitFileType = wrapper.application; includeInIndex = 0; path = NASApp.app; sourceTree = BUILT_PRODUCTS_DIR; };
		013BB8AA1E7FE151006682D5 /* AppDelegate.swift */ = {isa = PBXFileReference; lastKnownFileType = sourcecode.swift; path = AppDelegate.swift; sourceTree = "<group>"; };
		013BB8AF1E7FE151006682D5 /* Base */ = {isa = PBXFileReference; lastKnownFileType = file.storyboard; name = Base; path = Base.lproj/Main.storyboard; sourceTree = "<group>"; };
		013BB8B41E7FE151006682D5 /* Base */ = {isa = PBXFileReference; lastKnownFileType = file.storyboard; name = Base; path = Base.lproj/LaunchScreen.storyboard; sourceTree = "<group>"; };
		013BB8B61E7FE151006682D5 /* Info.plist */ = {isa = PBXFileReference; lastKnownFileType = text.plist.xml; path = Info.plist; sourceTree = "<group>"; };
		013BB8BB1E7FE151006682D5 /* NASAppTests.xctest */ = {isa = PBXFileReference; explicitFileType = wrapper.cfbundle; includeInIndex = 0; path = NASAppTests.xctest; sourceTree = BUILT_PRODUCTS_DIR; };
		013BB8BF1E7FE151006682D5 /* NASAppTests.swift */ = {isa = PBXFileReference; lastKnownFileType = sourcecode.swift; path = NASAppTests.swift; sourceTree = "<group>"; };
		013BB8C11E7FE151006682D5 /* Info.plist */ = {isa = PBXFileReference; lastKnownFileType = text.plist.xml; path = Info.plist; sourceTree = "<group>"; };
		013BB8C61E7FE151006682D5 /* NASAppUITests.xctest */ = {isa = PBXFileReference; explicitFileType = wrapper.cfbundle; includeInIndex = 0; path = NASAppUITests.xctest; sourceTree = BUILT_PRODUCTS_DIR; };
		013BB8CA1E7FE151006682D5 /* NASAppUITests.swift */ = {isa = PBXFileReference; lastKnownFileType = sourcecode.swift; path = NASAppUITests.swift; sourceTree = "<group>"; };
		013BB8CC1E7FE151006682D5 /* Info.plist */ = {isa = PBXFileReference; lastKnownFileType = text.plist.xml; path = Info.plist; sourceTree = "<group>"; };
		013BB8D81E803DF3006682D5 /* Assets.xcassets */ = {isa = PBXFileReference; lastKnownFileType = folder.assetcatalog; path = Assets.xcassets; sourceTree = "<group>"; };
		013F9DCE1E8AAB040001BF69 /* RoversTableViewController.swift */ = {isa = PBXFileReference; fileEncoding = 4; lastKnownFileType = sourcecode.swift; path = RoversTableViewController.swift; sourceTree = "<group>"; };
		013F9DD01E8AADDA0001BF69 /* MarsPhotoCollectionViewController.swift */ = {isa = PBXFileReference; fileEncoding = 4; lastKnownFileType = sourcecode.swift; path = MarsPhotoCollectionViewController.swift; sourceTree = "<group>"; };
		013F9DD21E8AE3540001BF69 /* RoverItemCollectionViewCell.swift */ = {isa = PBXFileReference; fileEncoding = 4; lastKnownFileType = sourcecode.swift; path = RoverItemCollectionViewCell.swift; sourceTree = "<group>"; };
		013F9DD41E8AEF6B0001BF69 /* ImageViewController.swift */ = {isa = PBXFileReference; fileEncoding = 4; lastKnownFileType = sourcecode.swift; path = ImageViewController.swift; sourceTree = "<group>"; };
		0185F1AC1E89716B006EAA18 /* EarthSearcherTableViewController.swift */ = {isa = PBXFileReference; fileEncoding = 4; lastKnownFileType = sourcecode.swift; path = EarthSearcherTableViewController.swift; sourceTree = "<group>"; };
		0185F1AE1E8972D4006EAA18 /* LocationManager.swift */ = {isa = PBXFileReference; fileEncoding = 4; lastKnownFileType = sourcecode.swift; path = LocationManager.swift; sourceTree = "<group>"; };
		154BBA3E640344B5678A048D /* Pods-NASAppUITests.release.xcconfig */ = {isa = PBXFileReference; includeInIndex = 1; lastKnownFileType = text.xcconfig; name = "Pods-NASAppUITests.release.xcconfig"; path = "Pods/Target Support Files/Pods-NASAppUITests/Pods-NASAppUITests.release.xcconfig"; sourceTree = "<group>"; };
		2A6700CB464AA5196EEA3BB9 /* Pods_NASAppTests.framework */ = {isa = PBXFileReference; explicitFileType = wrapper.framework; includeInIndex = 0; path = Pods_NASAppTests.framework; sourceTree = BUILT_PRODUCTS_DIR; };
		30FDC86D2191F6303E9F2C6F /* Pods-NASAppUITests.debug.xcconfig */ = {isa = PBXFileReference; includeInIndex = 1; lastKnownFileType = text.xcconfig; name = "Pods-NASAppUITests.debug.xcconfig"; path = "Pods/Target Support Files/Pods-NASAppUITests/Pods-NASAppUITests.debug.xcconfig"; sourceTree = "<group>"; };
		323AFA111F7240DD00881EE7 /* ViewControllerHelper.swift */ = {isa = PBXFileReference; lastKnownFileType = sourcecode.swift; path = ViewControllerHelper.swift; sourceTree = "<group>"; };
		32F554454060E872E7499B0A /* Pods_NASApp.framework */ = {isa = PBXFileReference; explicitFileType = wrapper.framework; includeInIndex = 0; path = Pods_NASApp.framework; sourceTree = BUILT_PRODUCTS_DIR; };
		402F53C9453569C61CD690A7 /* Pods-NASAppTests.release.xcconfig */ = {isa = PBXFileReference; includeInIndex = 1; lastKnownFileType = text.xcconfig; name = "Pods-NASAppTests.release.xcconfig"; path = "Pods/Target Support Files/Pods-NASAppTests/Pods-NASAppTests.release.xcconfig"; sourceTree = "<group>"; };
		5879A2899C1C299F71C2694A /* Pods_NASAppUITests.framework */ = {isa = PBXFileReference; explicitFileType = wrapper.framework; includeInIndex = 0; path = Pods_NASAppUITests.framework; sourceTree = BUILT_PRODUCTS_DIR; };
		A4CC6C413EBF2F091D23CA5F /* Pods-NASApp.debug.xcconfig */ = {isa = PBXFileReference; includeInIndex = 1; lastKnownFileType = text.xcconfig; name = "Pods-NASApp.debug.xcconfig"; path = "Pods/Target Support Files/Pods-NASApp/Pods-NASApp.debug.xcconfig"; sourceTree = "<group>"; };
		A7B65BAA3EC2773D3EE060FC /* Pods-NASAppTests.debug.xcconfig */ = {isa = PBXFileReference; includeInIndex = 1; lastKnownFileType = text.xcconfig; name = "Pods-NASAppTests.debug.xcconfig"; path = "Pods/Target Support Files/Pods-NASAppTests/Pods-NASAppTests.debug.xcconfig"; sourceTree = "<group>"; };
		C69095E157576DFB530A96CA /* Pods-NASApp.release.xcconfig */ = {isa = PBXFileReference; includeInIndex = 1; lastKnownFileType = text.xcconfig; name = "Pods-NASApp.release.xcconfig"; path = "Pods/Target Support Files/Pods-NASApp/Pods-NASApp.release.xcconfig"; sourceTree = "<group>"; };
/* End PBXFileReference section */

/* Begin PBXFrameworksBuildPhase section */
		013BB8A41E7FE151006682D5 /* Frameworks */ = {
			isa = PBXFrameworksBuildPhase;
			buildActionMask = 2147483647;
			files = (
				E2DE7BC1088F5EC8B6E2534D /* Pods_NASApp.framework in Frameworks */,
			);
			runOnlyForDeploymentPostprocessing = 0;
		};
		013BB8B81E7FE151006682D5 /* Frameworks */ = {
			isa = PBXFrameworksBuildPhase;
			buildActionMask = 2147483647;
			files = (
				F1166D1DBE7E165874D661FA /* Pods_NASAppTests.framework in Frameworks */,
			);
			runOnlyForDeploymentPostprocessing = 0;
		};
		013BB8C31E7FE151006682D5 /* Frameworks */ = {
			isa = PBXFrameworksBuildPhase;
			buildActionMask = 2147483647;
			files = (
				918CDA0641D0ED61BD83F8A3 /* Pods_NASAppUITests.framework in Frameworks */,
			);
			runOnlyForDeploymentPostprocessing = 0;
		};
/* End PBXFrameworksBuildPhase section */

/* Begin PBXGroup section */
		013BB89E1E7FE151006682D5 = {
			isa = PBXGroup;
			children = (
				013BB8A91E7FE151006682D5 /* NASApp */,
				013BB8BE1E7FE151006682D5 /* NASAppTests */,
				013BB8C91E7FE151006682D5 /* NASAppUITests */,
				013BB8A81E7FE151006682D5 /* Products */,
				01AF10971E83C7FE009A555C /* Frameworks */,
				65346E0DCE6541017722757E /* Pods */,
			);
			sourceTree = "<group>";
		};
		013BB8A81E7FE151006682D5 /* Products */ = {
			isa = PBXGroup;
			children = (
				013BB8A71E7FE151006682D5 /* NASApp.app */,
				013BB8BB1E7FE151006682D5 /* NASAppTests.xctest */,
				013BB8C61E7FE151006682D5 /* NASAppUITests.xctest */,
			);
			name = Products;
			sourceTree = "<group>";
		};
		013BB8A91E7FE151006682D5 /* NASApp */ = {
			isa = PBXGroup;
			children = (
				013BB8AA1E7FE151006682D5 /* AppDelegate.swift */,
				013BB8DD1E804B1F006682D5 /* Helpers */,
				013BB8DC1E804B17006682D5 /* Controllers */,
				013BB8DA1E804B07006682D5 /* View */,
				013BB8D81E803DF3006682D5 /* Assets.xcassets */,
				013BB8B61E7FE151006682D5 /* Info.plist */,
			);
			path = NASApp;
			sourceTree = "<group>";
		};
		013BB8BE1E7FE151006682D5 /* NASAppTests */ = {
			isa = PBXGroup;
			children = (
				013BB8BF1E7FE151006682D5 /* NASAppTests.swift */,
				013BB8C11E7FE151006682D5 /* Info.plist */,
			);
			path = NASAppTests;
			sourceTree = "<group>";
		};
		013BB8C91E7FE151006682D5 /* NASAppUITests */ = {
			isa = PBXGroup;
			children = (
				013BB8CA1E7FE151006682D5 /* NASAppUITests.swift */,
				013BB8CC1E7FE151006682D5 /* Info.plist */,
			);
			path = NASAppUITests;
			sourceTree = "<group>";
		};
		013BB8DA1E804B07006682D5 /* View */ = {
			isa = PBXGroup;
			children = (
				013BB8AE1E7FE151006682D5 /* Main.storyboard */,
				013BB8B31E7FE151006682D5 /* LaunchScreen.storyboard */,
			);
			name = View;
			sourceTree = "<group>";
		};
		013BB8DC1E804B17006682D5 /* Controllers */ = {
			isa = PBXGroup;
			children = (
				011F547C1E83CC8300174326 /* LandingTableViewController.swift */,
				011F547E1E83D1C400174326 /* DailyTableViewController.swift */,
				0185F1AC1E89716B006EAA18 /* EarthSearcherTableViewController.swift */,
				013F9DCE1E8AAB040001BF69 /* RoversTableViewController.swift */,
				013F9DD01E8AADDA0001BF69 /* MarsPhotoCollectionViewController.swift */,
				013F9DD21E8AE3540001BF69 /* RoverItemCollectionViewCell.swift */,
				013F9DD41E8AEF6B0001BF69 /* ImageViewController.swift */,
			);
			name = Controllers;
			sourceTree = "<group>";
		};
		013BB8DD1E804B1F006682D5 /* Helpers */ = {
			isa = PBXGroup;
			children = (
				011F54801E83DD7F00174326 /* NetworkManager.swift */,
				0185F1AE1E8972D4006EAA18 /* LocationManager.swift */,
				323AFA111F7240DD00881EE7 /* ViewControllerHelper.swift */,
				011F54841E83E37100174326 /* Models.swift */,
			);
			name = Helpers;
			sourceTree = "<group>";
		};
		01AF10971E83C7FE009A555C /* Frameworks */ = {
			isa = PBXGroup;
			children = (
				32F554454060E872E7499B0A /* Pods_NASApp.framework */,
				2A6700CB464AA5196EEA3BB9 /* Pods_NASAppTests.framework */,
				5879A2899C1C299F71C2694A /* Pods_NASAppUITests.framework */,
			);
			name = Frameworks;
			sourceTree = "<group>";
		};
		65346E0DCE6541017722757E /* Pods */ = {
			isa = PBXGroup;
			children = (
				A4CC6C413EBF2F091D23CA5F /* Pods-NASApp.debug.xcconfig */,
				C69095E157576DFB530A96CA /* Pods-NASApp.release.xcconfig */,
				A7B65BAA3EC2773D3EE060FC /* Pods-NASAppTests.debug.xcconfig */,
				402F53C9453569C61CD690A7 /* Pods-NASAppTests.release.xcconfig */,
				30FDC86D2191F6303E9F2C6F /* Pods-NASAppUITests.debug.xcconfig */,
				154BBA3E640344B5678A048D /* Pods-NASAppUITests.release.xcconfig */,
			);
			name = Pods;
			sourceTree = "<group>";
		};
/* End PBXGroup section */

/* Begin PBXNativeTarget section */
		013BB8A61E7FE151006682D5 /* NASApp */ = {
			isa = PBXNativeTarget;
			buildConfigurationList = 013BB8CF1E7FE151006682D5 /* Build configuration list for PBXNativeTarget "NASApp" */;
			buildPhases = (
				22FDCAADA067870606955B77 /* [CP] Check Pods Manifest.lock */,
				013BB8A31E7FE151006682D5 /* Sources */,
				013BB8A41E7FE151006682D5 /* Frameworks */,
				013BB8A51E7FE151006682D5 /* Resources */,
				3249E3F21F7380E40002DB27 /* Embed Frameworks */,
				8E88E7769DC09B476E253554 /* [CP] Embed Pods Frameworks */,
				BD5E05A81C6DCBC16B2F0914 /* [CP] Copy Pods Resources */,
			);
			buildRules = (
			);
			dependencies = (
			);
			name = NASApp;
			productName = NASApp;
			productReference = 013BB8A71E7FE151006682D5 /* NASApp.app */;
			productType = "com.apple.product-type.application";
		};
		013BB8BA1E7FE151006682D5 /* NASAppTests */ = {
			isa = PBXNativeTarget;
			buildConfigurationList = 013BB8D21E7FE151006682D5 /* Build configuration list for PBXNativeTarget "NASAppTests" */;
			buildPhases = (
				5A71307802C6EA9EFD75A65D /* [CP] Check Pods Manifest.lock */,
				013BB8B71E7FE151006682D5 /* Sources */,
				013BB8B81E7FE151006682D5 /* Frameworks */,
				013BB8B91E7FE151006682D5 /* Resources */,
				6030AD7D5C16BE1C083CC6B7 /* [CP] Embed Pods Frameworks */,
				E84C2E73D9950A07F8D5C596 /* [CP] Copy Pods Resources */,
			);
			buildRules = (
			);
			dependencies = (
				013BB8BD1E7FE151006682D5 /* PBXTargetDependency */,
			);
			name = NASAppTests;
			productName = NASAppTests;
			productReference = 013BB8BB1E7FE151006682D5 /* NASAppTests.xctest */;
			productType = "com.apple.product-type.bundle.unit-test";
		};
		013BB8C51E7FE151006682D5 /* NASAppUITests */ = {
			isa = PBXNativeTarget;
			buildConfigurationList = 013BB8D51E7FE151006682D5 /* Build configuration list for PBXNativeTarget "NASAppUITests" */;
			buildPhases = (
				1B383CB95A66B05284DA14D9 /* [CP] Check Pods Manifest.lock */,
				013BB8C21E7FE151006682D5 /* Sources */,
				013BB8C31E7FE151006682D5 /* Frameworks */,
				013BB8C41E7FE151006682D5 /* Resources */,
				D5A50D7C50B8B28E92EF0D1D /* [CP] Embed Pods Frameworks */,
				0B0D9CBB00E4ED12D81A14FD /* [CP] Copy Pods Resources */,
			);
			buildRules = (
			);
			dependencies = (
				013BB8C81E7FE151006682D5 /* PBXTargetDependency */,
			);
			name = NASAppUITests;
			productName = NASAppUITests;
			productReference = 013BB8C61E7FE151006682D5 /* NASAppUITests.xctest */;
			productType = "com.apple.product-type.bundle.ui-testing";
		};
/* End PBXNativeTarget section */

/* Begin PBXProject section */
		013BB89F1E7FE151006682D5 /* Project object */ = {
			isa = PBXProject;
			attributes = {
				LastSwiftUpdateCheck = 0820;
				LastUpgradeCheck = 0900;
				ORGANIZATIONNAME = "Ty Schenk";
				TargetAttributes = {
					013BB8A61E7FE151006682D5 = {
						CreatedOnToolsVersion = 8.2.1;
						LastSwiftMigration = 0900;
						ProvisioningStyle = Automatic;
					};
					013BB8BA1E7FE151006682D5 = {
						CreatedOnToolsVersion = 8.2.1;
						LastSwiftMigration = 0900;
						ProvisioningStyle = Automatic;
						TestTargetID = 013BB8A61E7FE151006682D5;
					};
					013BB8C51E7FE151006682D5 = {
						CreatedOnToolsVersion = 8.2.1;
						LastSwiftMigration = 0900;
						ProvisioningStyle = Automatic;
						TestTargetID = 013BB8A61E7FE151006682D5;
					};
				};
			};
			buildConfigurationList = 013BB8A21E7FE151006682D5 /* Build configuration list for PBXProject "NASApp" */;
			compatibilityVersion = "Xcode 8.0";
			developmentRegion = English;
			hasScannedForEncodings = 0;
			knownRegions = (
				en,
				Base,
			);
			mainGroup = 013BB89E1E7FE151006682D5;
			productRefGroup = 013BB8A81E7FE151006682D5 /* Products */;
			projectDirPath = "";
			projectRoot = "";
			targets = (
				013BB8A61E7FE151006682D5 /* NASApp */,
				013BB8BA1E7FE151006682D5 /* NASAppTests */,
				013BB8C51E7FE151006682D5 /* NASAppUITests */,
			);
		};
/* End PBXProject section */

/* Begin PBXResourcesBuildPhase section */
		013BB8A51E7FE151006682D5 /* Resources */ = {
			isa = PBXResourcesBuildPhase;
			buildActionMask = 2147483647;
			files = (
				013BB8B51E7FE151006682D5 /* LaunchScreen.storyboard in Resources */,
				013BB8D91E803DF3006682D5 /* Assets.xcassets in Resources */,
				013BB8B01E7FE151006682D5 /* Main.storyboard in Resources */,
			);
			runOnlyForDeploymentPostprocessing = 0;
		};
		013BB8B91E7FE151006682D5 /* Resources */ = {
			isa = PBXResourcesBuildPhase;
			buildActionMask = 2147483647;
			files = (
			);
			runOnlyForDeploymentPostprocessing = 0;
		};
		013BB8C41E7FE151006682D5 /* Resources */ = {
			isa = PBXResourcesBuildPhase;
			buildActionMask = 2147483647;
			files = (
			);
			runOnlyForDeploymentPostprocessing = 0;
		};
/* End PBXResourcesBuildPhase section */

/* Begin PBXShellScriptBuildPhase section */
		0B0D9CBB00E4ED12D81A14FD /* [CP] Copy Pods Resources */ = {
			isa = PBXShellScriptBuildPhase;
			buildActionMask = 2147483647;
			files = (
			);
			inputPaths = (
			);
			name = "[CP] Copy Pods Resources";
			outputPaths = (
			);
			runOnlyForDeploymentPostprocessing = 0;
			shellPath = /bin/sh;
			shellScript = "\"${SRCROOT}/Pods/Target Support Files/Pods-NASAppUITests/Pods-NASAppUITests-resources.sh\"\n";
			showEnvVarsInLog = 0;
		};
		1B383CB95A66B05284DA14D9 /* [CP] Check Pods Manifest.lock */ = {
			isa = PBXShellScriptBuildPhase;
			buildActionMask = 2147483647;
			files = (
			);
			inputPaths = (
				"${PODS_PODFILE_DIR_PATH}/Podfile.lock",
				"${PODS_ROOT}/Manifest.lock",
			);
			name = "[CP] Check Pods Manifest.lock";
			outputPaths = (
				"$(DERIVED_FILE_DIR)/Pods-NASAppUITests-checkManifestLockResult.txt",
			);
			runOnlyForDeploymentPostprocessing = 0;
			shellPath = /bin/sh;
			shellScript = "diff \"${PODS_PODFILE_DIR_PATH}/Podfile.lock\" \"${PODS_ROOT}/Manifest.lock\" > /dev/null\nif [ $? != 0 ] ; then\n    # print error to STDERR\n    echo \"error: The sandbox is not in sync with the Podfile.lock. Run 'pod install' or update your CocoaPods installation.\" >&2\n    exit 1\nfi\n# This output is used by Xcode 'outputs' to avoid re-running this script phase.\necho \"SUCCESS\" > \"${SCRIPT_OUTPUT_FILE_0}\"\n";
			showEnvVarsInLog = 0;
		};
		22FDCAADA067870606955B77 /* [CP] Check Pods Manifest.lock */ = {
			isa = PBXShellScriptBuildPhase;
			buildActionMask = 2147483647;
			files = (
			);
			inputPaths = (
				"${PODS_PODFILE_DIR_PATH}/Podfile.lock",
				"${PODS_ROOT}/Manifest.lock",
			);
			name = "[CP] Check Pods Manifest.lock";
			outputPaths = (
				"$(DERIVED_FILE_DIR)/Pods-NASApp-checkManifestLockResult.txt",
			);
			runOnlyForDeploymentPostprocessing = 0;
			shellPath = /bin/sh;
			shellScript = "diff \"${PODS_PODFILE_DIR_PATH}/Podfile.lock\" \"${PODS_ROOT}/Manifest.lock\" > /dev/null\nif [ $? != 0 ] ; then\n    # print error to STDERR\n    echo \"error: The sandbox is not in sync with the Podfile.lock. Run 'pod install' or update your CocoaPods installation.\" >&2\n    exit 1\nfi\n# This output is used by Xcode 'outputs' to avoid re-running this script phase.\necho \"SUCCESS\" > \"${SCRIPT_OUTPUT_FILE_0}\"\n";
			showEnvVarsInLog = 0;
		};
		5A71307802C6EA9EFD75A65D /* [CP] Check Pods Manifest.lock */ = {
			isa = PBXShellScriptBuildPhase;
			buildActionMask = 2147483647;
			files = (
			);
			inputPaths = (
				"${PODS_PODFILE_DIR_PATH}/Podfile.lock",
				"${PODS_ROOT}/Manifest.lock",
			);
			name = "[CP] Check Pods Manifest.lock";
			outputPaths = (
				"$(DERIVED_FILE_DIR)/Pods-NASAppTests-checkManifestLockResult.txt",
			);
			runOnlyForDeploymentPostprocessing = 0;
			shellPath = /bin/sh;
			shellScript = "diff \"${PODS_PODFILE_DIR_PATH}/Podfile.lock\" \"${PODS_ROOT}/Manifest.lock\" > /dev/null\nif [ $? != 0 ] ; then\n    # print error to STDERR\n    echo \"error: The sandbox is not in sync with the Podfile.lock. Run 'pod install' or update your CocoaPods installation.\" >&2\n    exit 1\nfi\n# This output is used by Xcode 'outputs' to avoid re-running this script phase.\necho \"SUCCESS\" > \"${SCRIPT_OUTPUT_FILE_0}\"\n";
			showEnvVarsInLog = 0;
		};
		6030AD7D5C16BE1C083CC6B7 /* [CP] Embed Pods Frameworks */ = {
			isa = PBXShellScriptBuildPhase;
			buildActionMask = 2147483647;
			files = (
			);
			inputPaths = (
			);
			name = "[CP] Embed Pods Frameworks";
			outputPaths = (
			);
			runOnlyForDeploymentPostprocessing = 0;
			shellPath = /bin/sh;
			shellScript = "\"${SRCROOT}/Pods/Target Support Files/Pods-NASAppTests/Pods-NASAppTests-frameworks.sh\"\n";
			showEnvVarsInLog = 0;
		};
		8E88E7769DC09B476E253554 /* [CP] Embed Pods Frameworks */ = {
			isa = PBXShellScriptBuildPhase;
			buildActionMask = 2147483647;
			files = (
			);
			inputPaths = (
				"${SRCROOT}/Pods/Target Support Files/Pods-NASApp/Pods-NASApp-frameworks.sh",
				"${BUILT_PRODUCTS_DIR}/Alamofire/Alamofire.framework",
				"${BUILT_PRODUCTS_DIR}/AlamofireImage/AlamofireImage.framework",
				"${BUILT_PRODUCTS_DIR}/SwiftyJSON/SwiftyJSON.framework",
				"${BUILT_PRODUCTS_DIR}/iOSPhotoEditor/iOSPhotoEditor.framework",
			);
			name = "[CP] Embed Pods Frameworks";
			outputPaths = (
				"${TARGET_BUILD_DIR}/${FRAMEWORKS_FOLDER_PATH}/Alamofire.framework",
				"${TARGET_BUILD_DIR}/${FRAMEWORKS_FOLDER_PATH}/AlamofireImage.framework",
				"${TARGET_BUILD_DIR}/${FRAMEWORKS_FOLDER_PATH}/SwiftyJSON.framework",
				"${TARGET_BUILD_DIR}/${FRAMEWORKS_FOLDER_PATH}/iOSPhotoEditor.framework",
			);
			runOnlyForDeploymentPostprocessing = 0;
			shellPath = /bin/sh;
			shellScript = "\"${SRCROOT}/Pods/Target Support Files/Pods-NASApp/Pods-NASApp-frameworks.sh\"\n";
			showEnvVarsInLog = 0;
		};
		BD5E05A81C6DCBC16B2F0914 /* [CP] Copy Pods Resources */ = {
			isa = PBXShellScriptBuildPhase;
			buildActionMask = 2147483647;
			files = (
			);
			inputPaths = (
			);
			name = "[CP] Copy Pods Resources";
			outputPaths = (
			);
			runOnlyForDeploymentPostprocessing = 0;
			shellPath = /bin/sh;
			shellScript = "\"${SRCROOT}/Pods/Target Support Files/Pods-NASApp/Pods-NASApp-resources.sh\"\n";
			showEnvVarsInLog = 0;
		};
		D5A50D7C50B8B28E92EF0D1D /* [CP] Embed Pods Frameworks */ = {
			isa = PBXShellScriptBuildPhase;
			buildActionMask = 2147483647;
			files = (
			);
			inputPaths = (
			);
			name = "[CP] Embed Pods Frameworks";
			outputPaths = (
			);
			runOnlyForDeploymentPostprocessing = 0;
			shellPath = /bin/sh;
			shellScript = "\"${SRCROOT}/Pods/Target Support Files/Pods-NASAppUITests/Pods-NASAppUITests-frameworks.sh\"\n";
			showEnvVarsInLog = 0;
		};
		E84C2E73D9950A07F8D5C596 /* [CP] Copy Pods Resources */ = {
			isa = PBXShellScriptBuildPhase;
			buildActionMask = 2147483647;
			files = (
			);
			inputPaths = (
			);
			name = "[CP] Copy Pods Resources";
			outputPaths = (
			);
			runOnlyForDeploymentPostprocessing = 0;
			shellPath = /bin/sh;
			shellScript = "\"${SRCROOT}/Pods/Target Support Files/Pods-NASAppTests/Pods-NASAppTests-resources.sh\"\n";
			showEnvVarsInLog = 0;
		};
/* End PBXShellScriptBuildPhase section */

/* Begin PBXSourcesBuildPhase section */
		013BB8A31E7FE151006682D5 /* Sources */ = {
			isa = PBXSourcesBuildPhase;
			buildActionMask = 2147483647;
			files = (
				011F54811E83DD7F00174326 /* NetworkManager.swift in Sources */,
				0185F1AD1E89716B006EAA18 /* EarthSearcherTableViewController.swift in Sources */,
				0185F1AF1E8972D4006EAA18 /* LocationManager.swift in Sources */,
				011F547D1E83CC8300174326 /* LandingTableViewController.swift in Sources */,
				013F9DD31E8AE3540001BF69 /* RoverItemCollectionViewCell.swift in Sources */,
				323AFA121F7240DD00881EE7 /* ViewControllerHelper.swift in Sources */,
				013BB8AB1E7FE151006682D5 /* AppDelegate.swift in Sources */,
				013F9DCF1E8AAB040001BF69 /* RoversTableViewController.swift in Sources */,
				011F547F1E83D1C400174326 /* DailyTableViewController.swift in Sources */,
				013F9DD51E8AEF6B0001BF69 /* ImageViewController.swift in Sources */,
				011F54851E83E37100174326 /* Models.swift in Sources */,
				013F9DD11E8AADDA0001BF69 /* MarsPhotoCollectionViewController.swift in Sources */,
			);
			runOnlyForDeploymentPostprocessing = 0;
		};
		013BB8B71E7FE151006682D5 /* Sources */ = {
			isa = PBXSourcesBuildPhase;
			buildActionMask = 2147483647;
			files = (
				013BB8C01E7FE151006682D5 /* NASAppTests.swift in Sources */,
			);
			runOnlyForDeploymentPostprocessing = 0;
		};
		013BB8C21E7FE151006682D5 /* Sources */ = {
			isa = PBXSourcesBuildPhase;
			buildActionMask = 2147483647;
			files = (
				013BB8CB1E7FE151006682D5 /* NASAppUITests.swift in Sources */,
			);
			runOnlyForDeploymentPostprocessing = 0;
		};
/* End PBXSourcesBuildPhase section */

/* Begin PBXTargetDependency section */
		013BB8BD1E7FE151006682D5 /* PBXTargetDependency */ = {
			isa = PBXTargetDependency;
			target = 013BB8A61E7FE151006682D5 /* NASApp */;
			targetProxy = 013BB8BC1E7FE151006682D5 /* PBXContainerItemProxy */;
		};
		013BB8C81E7FE151006682D5 /* PBXTargetDependency */ = {
			isa = PBXTargetDependency;
			target = 013BB8A61E7FE151006682D5 /* NASApp */;
			targetProxy = 013BB8C71E7FE151006682D5 /* PBXContainerItemProxy */;
		};
/* End PBXTargetDependency section */

/* Begin PBXVariantGroup section */
		013BB8AE1E7FE151006682D5 /* Main.storyboard */ = {
			isa = PBXVariantGroup;
			children = (
				013BB8AF1E7FE151006682D5 /* Base */,
			);
			name = Main.storyboard;
			sourceTree = "<group>";
		};
		013BB8B31E7FE151006682D5 /* LaunchScreen.storyboard */ = {
			isa = PBXVariantGroup;
			children = (
				013BB8B41E7FE151006682D5 /* Base */,
			);
			name = LaunchScreen.storyboard;
			sourceTree = "<group>";
		};
/* End PBXVariantGroup section */

/* Begin XCBuildConfiguration section */
		013BB8CD1E7FE151006682D5 /* Debug */ = {
			isa = XCBuildConfiguration;
			buildSettings = {
				ALWAYS_SEARCH_USER_PATHS = NO;
				CLANG_ANALYZER_NONNULL = YES;
				CLANG_CXX_LANGUAGE_STANDARD = "gnu++0x";
				CLANG_CXX_LIBRARY = "libc++";
				CLANG_ENABLE_MODULES = YES;
				CLANG_ENABLE_OBJC_ARC = YES;
				CLANG_WARN_BLOCK_CAPTURE_AUTORELEASING = YES;
				CLANG_WARN_BOOL_CONVERSION = YES;
				CLANG_WARN_COMMA = YES;
				CLANG_WARN_CONSTANT_CONVERSION = YES;
				CLANG_WARN_DIRECT_OBJC_ISA_USAGE = YES_ERROR;
				CLANG_WARN_DOCUMENTATION_COMMENTS = YES;
				CLANG_WARN_EMPTY_BODY = YES;
				CLANG_WARN_ENUM_CONVERSION = YES;
				CLANG_WARN_INFINITE_RECURSION = YES;
				CLANG_WARN_INT_CONVERSION = YES;
				CLANG_WARN_NON_LITERAL_NULL_CONVERSION = YES;
				CLANG_WARN_OBJC_LITERAL_CONVERSION = YES;
				CLANG_WARN_OBJC_ROOT_CLASS = YES_ERROR;
				CLANG_WARN_RANGE_LOOP_ANALYSIS = YES;
				CLANG_WARN_STRICT_PROTOTYPES = YES;
				CLANG_WARN_SUSPICIOUS_MOVE = YES;
				CLANG_WARN_UNREACHABLE_CODE = YES;
				CLANG_WARN__DUPLICATE_METHOD_MATCH = YES;
				"CODE_SIGN_IDENTITY[sdk=iphoneos*]" = "iPhone Developer";
				COPY_PHASE_STRIP = NO;
				DEBUG_INFORMATION_FORMAT = dwarf;
				ENABLE_STRICT_OBJC_MSGSEND = YES;
				ENABLE_TESTABILITY = YES;
				GCC_C_LANGUAGE_STANDARD = gnu99;
				GCC_DYNAMIC_NO_PIC = NO;
				GCC_NO_COMMON_BLOCKS = YES;
				GCC_OPTIMIZATION_LEVEL = 0;
				GCC_PREPROCESSOR_DEFINITIONS = (
					"DEBUG=1",
					"$(inherited)",
				);
				GCC_WARN_64_TO_32_BIT_CONVERSION = YES;
				GCC_WARN_ABOUT_RETURN_TYPE = YES_ERROR;
				GCC_WARN_UNDECLARED_SELECTOR = YES;
				GCC_WARN_UNINITIALIZED_AUTOS = YES_AGGRESSIVE;
				GCC_WARN_UNUSED_FUNCTION = YES;
				GCC_WARN_UNUSED_VARIABLE = YES;
				IPHONEOS_DEPLOYMENT_TARGET = 10.3;
				MTL_ENABLE_DEBUG_INFO = YES;
				ONLY_ACTIVE_ARCH = YES;
				SDKROOT = iphoneos;
				SWIFT_ACTIVE_COMPILATION_CONDITIONS = DEBUG;
				SWIFT_OPTIMIZATION_LEVEL = "-Onone";
			};
			name = Debug;
		};
		013BB8CE1E7FE151006682D5 /* Release */ = {
			isa = XCBuildConfiguration;
			buildSettings = {
				ALWAYS_SEARCH_USER_PATHS = NO;
				CLANG_ANALYZER_NONNULL = YES;
				CLANG_CXX_LANGUAGE_STANDARD = "gnu++0x";
				CLANG_CXX_LIBRARY = "libc++";
				CLANG_ENABLE_MODULES = YES;
				CLANG_ENABLE_OBJC_ARC = YES;
				CLANG_WARN_BLOCK_CAPTURE_AUTORELEASING = YES;
				CLANG_WARN_BOOL_CONVERSION = YES;
				CLANG_WARN_COMMA = YES;
				CLANG_WARN_CONSTANT_CONVERSION = YES;
				CLANG_WARN_DIRECT_OBJC_ISA_USAGE = YES_ERROR;
				CLANG_WARN_DOCUMENTATION_COMMENTS = YES;
				CLANG_WARN_EMPTY_BODY = YES;
				CLANG_WARN_ENUM_CONVERSION = YES;
				CLANG_WARN_INFINITE_RECURSION = YES;
				CLANG_WARN_INT_CONVERSION = YES;
				CLANG_WARN_NON_LITERAL_NULL_CONVERSION = YES;
				CLANG_WARN_OBJC_LITERAL_CONVERSION = YES;
				CLANG_WARN_OBJC_ROOT_CLASS = YES_ERROR;
				CLANG_WARN_RANGE_LOOP_ANALYSIS = YES;
				CLANG_WARN_STRICT_PROTOTYPES = YES;
				CLANG_WARN_SUSPICIOUS_MOVE = YES;
				CLANG_WARN_UNREACHABLE_CODE = YES;
				CLANG_WARN__DUPLICATE_METHOD_MATCH = YES;
				"CODE_SIGN_IDENTITY[sdk=iphoneos*]" = "iPhone Developer";
				COPY_PHASE_STRIP = NO;
				DEBUG_INFORMATION_FORMAT = "dwarf-with-dsym";
				ENABLE_NS_ASSERTIONS = NO;
				ENABLE_STRICT_OBJC_MSGSEND = YES;
				GCC_C_LANGUAGE_STANDARD = gnu99;
				GCC_NO_COMMON_BLOCKS = YES;
				GCC_WARN_64_TO_32_BIT_CONVERSION = YES;
				GCC_WARN_ABOUT_RETURN_TYPE = YES_ERROR;
				GCC_WARN_UNDECLARED_SELECTOR = YES;
				GCC_WARN_UNINITIALIZED_AUTOS = YES_AGGRESSIVE;
				GCC_WARN_UNUSED_FUNCTION = YES;
				GCC_WARN_UNUSED_VARIABLE = YES;
				IPHONEOS_DEPLOYMENT_TARGET = 10.3;
				MTL_ENABLE_DEBUG_INFO = NO;
				SDKROOT = iphoneos;
				SWIFT_OPTIMIZATION_LEVEL = "-Owholemodule";
				VALIDATE_PRODUCT = YES;
			};
			name = Release;
		};
		013BB8D01E7FE151006682D5 /* Debug */ = {
			isa = XCBuildConfiguration;
			baseConfigurationReference = A4CC6C413EBF2F091D23CA5F /* Pods-NASApp.debug.xcconfig */;
			buildSettings = {
				ASSETCATALOG_COMPILER_APPICON_NAME = AppIcon;
				DEVELOPMENT_TEAM = 8AYF758EP8;
				FRAMEWORK_SEARCH_PATHS = (
					"$(inherited)",
					"$(PROJECT_DIR)/NASApp",
				);
				INFOPLIST_FILE = NASApp/Info.plist;
				LD_RUNPATH_SEARCH_PATHS = "$(inherited) @executable_path/Frameworks";
				PRODUCT_BUNDLE_IDENTIFIER = com.tschenk.NASApp;
				PRODUCT_NAME = "$(TARGET_NAME)";
				SWIFT_VERSION = 3.0;
			};
			name = Debug;
		};
		013BB8D11E7FE151006682D5 /* Release */ = {
			isa = XCBuildConfiguration;
			baseConfigurationReference = C69095E157576DFB530A96CA /* Pods-NASApp.release.xcconfig */;
			buildSettings = {
				ASSETCATALOG_COMPILER_APPICON_NAME = AppIcon;
				DEVELOPMENT_TEAM = 8AYF758EP8;
				FRAMEWORK_SEARCH_PATHS = (
					"$(inherited)",
					"$(PROJECT_DIR)/NASApp",
				);
				INFOPLIST_FILE = NASApp/Info.plist;
				LD_RUNPATH_SEARCH_PATHS = "$(inherited) @executable_path/Frameworks";
				PRODUCT_BUNDLE_IDENTIFIER = com.tschenk.NASApp;
				PRODUCT_NAME = "$(TARGET_NAME)";
				SWIFT_VERSION = 3.0;
			};
			name = Release;
		};
		013BB8D31E7FE151006682D5 /* Debug */ = {
			isa = XCBuildConfiguration;
			baseConfigurationReference = A7B65BAA3EC2773D3EE060FC /* Pods-NASAppTests.debug.xcconfig */;
			buildSettings = {
				ALWAYS_EMBED_SWIFT_STANDARD_LIBRARIES = YES;
				BUNDLE_LOADER = "$(TEST_HOST)";
				DEVELOPMENT_TEAM = 8AYF758EP8;
				INFOPLIST_FILE = NASAppTests/Info.plist;
				LD_RUNPATH_SEARCH_PATHS = "$(inherited) @executable_path/Frameworks @loader_path/Frameworks";
				PRODUCT_BUNDLE_IDENTIFIER = "AndreaMiotto-com.github.NASAppTests";
				PRODUCT_NAME = "$(TARGET_NAME)";
				SWIFT_VERSION = 3.0;
				TEST_HOST = "$(BUILT_PRODUCTS_DIR)/NASApp.app/NASApp";
			};
			name = Debug;
		};
		013BB8D41E7FE151006682D5 /* Release */ = {
			isa = XCBuildConfiguration;
			baseConfigurationReference = 402F53C9453569C61CD690A7 /* Pods-NASAppTests.release.xcconfig */;
			buildSettings = {
				ALWAYS_EMBED_SWIFT_STANDARD_LIBRARIES = YES;
				BUNDLE_LOADER = "$(TEST_HOST)";
				DEVELOPMENT_TEAM = 8AYF758EP8;
				INFOPLIST_FILE = NASAppTests/Info.plist;
				LD_RUNPATH_SEARCH_PATHS = "$(inherited) @executable_path/Frameworks @loader_path/Frameworks";
				PRODUCT_BUNDLE_IDENTIFIER = "AndreaMiotto-com.github.NASAppTests";
				PRODUCT_NAME = "$(TARGET_NAME)";
				SWIFT_VERSION = 3.0;
				TEST_HOST = "$(BUILT_PRODUCTS_DIR)/NASApp.app/NASApp";
			};
			name = Release;
		};
		013BB8D61E7FE151006682D5 /* Debug */ = {
			isa = XCBuildConfiguration;
			baseConfigurationReference = 30FDC86D2191F6303E9F2C6F /* Pods-NASAppUITests.debug.xcconfig */;
			buildSettings = {
				ALWAYS_EMBED_SWIFT_STANDARD_LIBRARIES = YES;
				DEVELOPMENT_TEAM = 8AYF758EP8;
				INFOPLIST_FILE = NASAppUITests/Info.plist;
				LD_RUNPATH_SEARCH_PATHS = "$(inherited) @executable_path/Frameworks @loader_path/Frameworks";
				PRODUCT_BUNDLE_IDENTIFIER = "AndreaMiotto-com.github.NASAppUITests";
				PRODUCT_NAME = "$(TARGET_NAME)";
				SWIFT_VERSION = 3.0;
				TEST_TARGET_NAME = NASApp;
			};
			name = Debug;
		};
		013BB8D71E7FE151006682D5 /* Release */ = {
			isa = XCBuildConfiguration;
			baseConfigurationReference = 154BBA3E640344B5678A048D /* Pods-NASAppUITests.release.xcconfig */;
			buildSettings = {
				ALWAYS_EMBED_SWIFT_STANDARD_LIBRARIES = YES;
				DEVELOPMENT_TEAM = 8AYF758EP8;
				INFOPLIST_FILE = NASAppUITests/Info.plist;
				LD_RUNPATH_SEARCH_PATHS = "$(inherited) @executable_path/Frameworks @loader_path/Frameworks";
				PRODUCT_BUNDLE_IDENTIFIER = "AndreaMiotto-com.github.NASAppUITests";
				PRODUCT_NAME = "$(TARGET_NAME)";
				SWIFT_VERSION = 3.0;
				TEST_TARGET_NAME = NASApp;
			};
			name = Release;
		};
/* End XCBuildConfiguration section */

/* Begin XCConfigurationList section */
		013BB8A21E7FE151006682D5 /* Build configuration list for PBXProject "NASApp" */ = {
			isa = XCConfigurationList;
			buildConfigurations = (
				013BB8CD1E7FE151006682D5 /* Debug */,
				013BB8CE1E7FE151006682D5 /* Release */,
			);
			defaultConfigurationIsVisible = 0;
			defaultConfigurationName = Release;
		};
		013BB8CF1E7FE151006682D5 /* Build configuration list for PBXNativeTarget "NASApp" */ = {
			isa = XCConfigurationList;
			buildConfigurations = (
				013BB8D01E7FE151006682D5 /* Debug */,
				013BB8D11E7FE151006682D5 /* Release */,
			);
			defaultConfigurationIsVisible = 0;
			defaultConfigurationName = Release;
		};
		013BB8D21E7FE151006682D5 /* Build configuration list for PBXNativeTarget "NASAppTests" */ = {
			isa = XCConfigurationList;
			buildConfigurations = (
				013BB8D31E7FE151006682D5 /* Debug */,
				013BB8D41E7FE151006682D5 /* Release */,
			);
			defaultConfigurationIsVisible = 0;
			defaultConfigurationName = Release;
		};
		013BB8D51E7FE151006682D5 /* Build configuration list for PBXNativeTarget "NASAppUITests" */ = {
			isa = XCConfigurationList;
			buildConfigurations = (
				013BB8D61E7FE151006682D5 /* Debug */,
				013BB8D71E7FE151006682D5 /* Release */,
			);
			defaultConfigurationIsVisible = 0;
			defaultConfigurationName = Release;
		};
/* End XCConfigurationList section */
	};
	rootObject = 013BB89F1E7FE151006682D5 /* Project object */;
}
